{
  "object": {
    "pins": [
      {
        "package": "Ambassador",
        "repositoryURL": "https://github.com/envoy/Ambassador.git",
        "state": {
          "branch": null,
          "revision": "447cf56f692999153bd261b1775ea4a58f7f7be9",
          "version": "4.0.5"
        }
      },
      {
        "package": "Embassy",
        "repositoryURL": "https://github.com/envoy/Embassy.git",
        "state": {
          "branch": null,
          "revision": "72e53b2b76023556febdfe0cf5bc8d64018f9c18",
          "version": "4.1.4"
        }
      },
      {
        "package": "swift-argument-parser",
        "repositoryURL": "https://github.com/apple/swift-argument-parser",
        "state": {
          "branch": null,
          "revision": "fddd1c00396eed152c45a46bea9f47b98e59301d",
          "version": "1.2.0"
        }
      },
      {
        "package": "XCTAsync",
        "repositoryURL": "https://github.com/mochidev/XCTAsync.git",
        "state": {
          "branch": null,
          "revision": "4d4be0947d74feb387fb7af8ef53f69e78232a7b",
          "version": "1.0.1"
        }
      }
    ]
  },
  "version": 1
}
